
Microsoft Visual Studio Solution File, Format Version 12.00
# Visual Studio Version 17
VisualStudioVersion = 17.11.35303.130
MinimumVisualStudioVersion = 10.0.40219.1
Project("{FAE04EC0-301F-11D3-BF4B-00C04F79EFBC}") = "WpfApp1", "WpfApp1\WpfApp1.csproj", "{29CBE67D-06F4-4EC0-B956-1E2681391A68}"
EndProject
Global
	GlobalSection(SolutionConfigurationPlatforms) = preSolution
		Debug|Any CPU = Debug|Any CPU
		Release|Any CPU = Release|Any CPU
	EndGlobalSection
	GlobalSection(ProjectConfigurationPlatforms) = postSolution
		{29CBE67D-06F4-4EC0-B956-1E2681391A68}.Debug|Any CPU.ActiveCfg = Debug|Any CPU
		{29CBE67D-06F4-4EC0-B956-1E2681391A68}.Debug|Any CPU.Build.0 = Debug|Any CPU
		{29CBE67D-06F4-4EC0-B956-1E2681391A68}.Release|Any CPU.ActiveCfg = Release|Any CPU
		{29CBE67D-06F4-4EC0-B956-1E2681391A68}.Release|Any CPU.Build.0 = Release|Any CPU
	EndGlobalSection
	GlobalSection(SolutionProperties) = preSolution
		HideSolutionNode = FALSE
	EndGlobalSection
	GlobalSection(ExtensibilityGlobals) = postSolution
		SolutionGuid = {0E0541AE-FB5F-4D08-8B3A-9CE3156D9B03}
	EndGlobalSection
EndGlobal
